# This file is autogenerated, do not edit; changes may be undone by the next 'dep ensure'.


[[projects]]
  name = "github.com/dave/jennifer"
  packages = ["jen"]
  revision = "e2c46c587b5f3cf3dec985fd8f7e8232f9e40ac9"
  version = "v1.1.0"

[[projects]]
  branch = "master"
  name = "github.com/golang/glog"
  packages = ["."]
  revision = "23def4e6c14b4da8ac2ed8007337bc5eb5007998"

[[projects]]
  branch = "master"
  name = "github.com/magicsong/generate-go-for-sonarqube"
  packages = [
    "cmd/main",
    "pkg/api",
    "pkg/generate",
    "pkg/util/strcase"
  ]
  revision = "46e3e2dce00a70e884a6718f105f72b85cfd89ff"

[solve-meta]
  analyzer-name = "dep"
  analyzer-version = 1
  inputs-digest = "3bfd901057f1299e062c5e6cc08626db2330ee980e9190ea414ecaa39316a4c4"
  solver-name = "gps-cdcl"
  solver-version = 1
